
Microsoft Visual Studio Solution File, Format Version 12.00
# Visual Studio Version 17
VisualStudioVersion = 17.4.33213.308
MinimumVisualStudioVersion = 10.0.40219.1
Project("{9A19103F-16F7-4668-BE54-9A1E7A4F7556}") = "AM.UI.Console", "AM.UI.Console\AM.UI.Console.csproj", "{CC3A8151-2098-4421-A5C1-58254F63B8A0}"
EndProject
Project("{9A19103F-16F7-4668-BE54-9A1E7A4F7556}") = "AM.Core.Domain", "AM.Core.Domain\AM.Core.Domain.csproj", "{6D122E09-BB61-463E-8D58-942C5452C2ED}"
EndProject
Project("{9A19103F-16F7-4668-BE54-9A1E7A4F7556}") = "AM.Core.Services", "AM.Core.Services\AM.Core.Services.csproj", "{2942CD41-3921-4BE1-8FF4-5D48594CB3E4}"
EndProject
Global
	GlobalSection(SolutionConfigurationPlatforms) = preSolution
		Debug|Any CPU = Debug|Any CPU
		Release|Any CPU = Release|Any CPU
	EndGlobalSection
	GlobalSection(ProjectConfigurationPlatforms) = postSolution
		{CC3A8151-2098-4421-A5C1-58254F63B8A0}.Debug|Any CPU.ActiveCfg = Debug|Any CPU
		{CC3A8151-2098-4421-A5C1-58254F63B8A0}.Debug|Any CPU.Build.0 = Debug|Any CPU
		{CC3A8151-2098-4421-A5C1-58254F63B8A0}.Release|Any CPU.ActiveCfg = Release|Any CPU
		{CC3A8151-2098-4421-A5C1-58254F63B8A0}.Release|Any CPU.Build.0 = Release|Any CPU
		{6D122E09-BB61-463E-8D58-942C5452C2ED}.Debug|Any CPU.ActiveCfg = Debug|Any CPU
		{6D122E09-BB61-463E-8D58-942C5452C2ED}.Debug|Any CPU.Build.0 = Debug|Any CPU
		{6D122E09-BB61-463E-8D58-942C5452C2ED}.Release|Any CPU.ActiveCfg = Release|Any CPU
		{6D122E09-BB61-463E-8D58-942C5452C2ED}.Release|Any CPU.Build.0 = Release|Any CPU
		{2942CD41-3921-4BE1-8FF4-5D48594CB3E4}.Debug|Any CPU.ActiveCfg = Debug|Any CPU
		{2942CD41-3921-4BE1-8FF4-5D48594CB3E4}.Debug|Any CPU.Build.0 = Debug|Any CPU
		{2942CD41-3921-4BE1-8FF4-5D48594CB3E4}.Release|Any CPU.ActiveCfg = Release|Any CPU
		{2942CD41-3921-4BE1-8FF4-5D48594CB3E4}.Release|Any CPU.Build.0 = Release|Any CPU
	EndGlobalSection
	GlobalSection(SolutionProperties) = preSolution
		HideSolutionNode = FALSE
	EndGlobalSection
	GlobalSection(ExtensibilityGlobals) = postSolution
		SolutionGuid = {654047FE-DC59-4FD1-A3C3-D54E499C4215}
	EndGlobalSection
EndGlobal
